
Microsoft Visual Studio Solution File, Format Version 12.00
# Visual Studio 14
VisualStudioVersion = 14.0.25123.0
MinimumVisualStudioVersion = 10.0.40219.1
Project("{FAE04EC0-301F-11D3-BF4B-00C04F79EFBC}") = "iMoney", "iMoney\iMoney.csproj", "{97CE80D8-EAE9-4E44-972E-B64518FDC6F7}"
EndProject
Project("{FAE04EC0-301F-11D3-BF4B-00C04F79EFBC}") = "iMoney.Tests", "iMoney.Tests\iMoney.Tests.csproj", "{A5F7AD65-D08D-4F60-A268-05296CEAC036}"
EndProject
Project("{FAE04EC0-301F-11D3-BF4B-00C04F79EFBC}") = "IMoney.DataModel", "IMoney.DataModel\IMoney.DataModel.csproj", "{45473003-C257-4B9F-AEEE-8610354868A0}"
EndProject
Project("{FAE04EC0-301F-11D3-BF4B-00C04F79EFBC}") = "iMoney.Model", "iMoney.Model\iMoney.Model.csproj", "{EE4BCD17-2DDE-4C2C-8A91-D8326DCB5A1F}"
EndProject
Project("{FAE04EC0-301F-11D3-BF4B-00C04F79EFBC}") = "iMoneyConsole", "iMoneyConsole\iMoneyConsole.csproj", "{1CC17699-E84B-4111-801F-60A1497CDD0C}"
EndProject
Global
	GlobalSection(SolutionConfigurationPlatforms) = preSolution
		Debug|Any CPU = Debug|Any CPU
		Release|Any CPU = Release|Any CPU
	EndGlobalSection
	GlobalSection(ProjectConfigurationPlatforms) = postSolution
		{97CE80D8-EAE9-4E44-972E-B64518FDC6F7}.Debug|Any CPU.ActiveCfg = Debug|Any CPU
		{97CE80D8-EAE9-4E44-972E-B64518FDC6F7}.Debug|Any CPU.Build.0 = Debug|Any CPU
		{97CE80D8-EAE9-4E44-972E-B64518FDC6F7}.Release|Any CPU.ActiveCfg = Release|Any CPU
		{97CE80D8-EAE9-4E44-972E-B64518FDC6F7}.Release|Any CPU.Build.0 = Release|Any CPU
		{A5F7AD65-D08D-4F60-A268-05296CEAC036}.Debug|Any CPU.ActiveCfg = Debug|Any CPU
		{A5F7AD65-D08D-4F60-A268-05296CEAC036}.Debug|Any CPU.Build.0 = Debug|Any CPU
		{A5F7AD65-D08D-4F60-A268-05296CEAC036}.Release|Any CPU.ActiveCfg = Release|Any CPU
		{A5F7AD65-D08D-4F60-A268-05296CEAC036}.Release|Any CPU.Build.0 = Release|Any CPU
		{45473003-C257-4B9F-AEEE-8610354868A0}.Debug|Any CPU.ActiveCfg = Debug|Any CPU
		{45473003-C257-4B9F-AEEE-8610354868A0}.Debug|Any CPU.Build.0 = Debug|Any CPU
		{45473003-C257-4B9F-AEEE-8610354868A0}.Release|Any CPU.ActiveCfg = Release|Any CPU
		{45473003-C257-4B9F-AEEE-8610354868A0}.Release|Any CPU.Build.0 = Release|Any CPU
		{EE4BCD17-2DDE-4C2C-8A91-D8326DCB5A1F}.Debug|Any CPU.ActiveCfg = Debug|Any CPU
		{EE4BCD17-2DDE-4C2C-8A91-D8326DCB5A1F}.Debug|Any CPU.Build.0 = Debug|Any CPU
		{EE4BCD17-2DDE-4C2C-8A91-D8326DCB5A1F}.Release|Any CPU.ActiveCfg = Release|Any CPU
		{EE4BCD17-2DDE-4C2C-8A91-D8326DCB5A1F}.Release|Any CPU.Build.0 = Release|Any CPU
		{1CC17699-E84B-4111-801F-60A1497CDD0C}.Debug|Any CPU.ActiveCfg = Debug|Any CPU
		{1CC17699-E84B-4111-801F-60A1497CDD0C}.Debug|Any CPU.Build.0 = Debug|Any CPU
		{1CC17699-E84B-4111-801F-60A1497CDD0C}.Release|Any CPU.ActiveCfg = Release|Any CPU
		{1CC17699-E84B-4111-801F-60A1497CDD0C}.Release|Any CPU.Build.0 = Release|Any CPU
	EndGlobalSection
	GlobalSection(SolutionProperties) = preSolution
		HideSolutionNode = FALSE
	EndGlobalSection
EndGlobal
